
Microsoft Visual Studio Solution File, Format Version 12.00
# Visual Studio Version 17
VisualStudioVersion = 17.3.32901.215
MinimumVisualStudioVersion = 10.0.40219.1
Project("{FAE04EC0-301F-11D3-BF4B-00C04F79EFBC}") = "HighPeoria", "HighPeoria\HighPeoria.csproj", "{B560806D-4727-4BE8-912B-D3ADADE77319}"
EndProject
Global
	GlobalSection(SolutionConfigurationPlatforms) = preSolution
		Debug|Any CPU = Debug|Any CPU
		Release|Any CPU = Release|Any CPU
	EndGlobalSection
	GlobalSection(ProjectConfigurationPlatforms) = postSolution
		{B560806D-4727-4BE8-912B-D3ADADE77319}.Debug|Any CPU.ActiveCfg = Debug|Any CPU
		{B560806D-4727-4BE8-912B-D3ADADE77319}.Debug|Any CPU.Build.0 = Debug|Any CPU
		{B560806D-4727-4BE8-912B-D3ADADE77319}.Release|Any CPU.ActiveCfg = Release|Any CPU
		{B560806D-4727-4BE8-912B-D3ADADE77319}.Release|Any CPU.Build.0 = Release|Any CPU
	EndGlobalSection
	GlobalSection(SolutionProperties) = preSolution
		HideSolutionNode = FALSE
	EndGlobalSection
	GlobalSection(ExtensibilityGlobals) = postSolution
		SolutionGuid = {DA77EDB5-BB3E-48A4-814C-3F4DE63E4275}
	EndGlobalSection
EndGlobal
